
Microsoft Visual Studio Solution File, Format Version 12.00
# Visual Studio 15
VisualStudioVersion = 15.0.27130.2020
MinimumVisualStudioVersion = 10.0.40219.1
Project("{FAE04EC0-301F-11D3-BF4B-00C04F79EFBC}") = "ConnectMySQL", "ConnectMySQL\ConnectMySQL.csproj", "{99D192D0-E1AA-4BE7-B3E6-D8EF5B591F4F}"
EndProject
Global
	GlobalSection(SolutionConfigurationPlatforms) = preSolution
		Debug|Any CPU = Debug|Any CPU
		Release|Any CPU = Release|Any CPU
	EndGlobalSection
	GlobalSection(ProjectConfigurationPlatforms) = postSolution
		{99D192D0-E1AA-4BE7-B3E6-D8EF5B591F4F}.Debug|Any CPU.ActiveCfg = Debug|Any CPU
		{99D192D0-E1AA-4BE7-B3E6-D8EF5B591F4F}.Debug|Any CPU.Build.0 = Debug|Any CPU
		{99D192D0-E1AA-4BE7-B3E6-D8EF5B591F4F}.Release|Any CPU.ActiveCfg = Release|Any CPU
		{99D192D0-E1AA-4BE7-B3E6-D8EF5B591F4F}.Release|Any CPU.Build.0 = Release|Any CPU
	EndGlobalSection
	GlobalSection(SolutionProperties) = preSolution
		HideSolutionNode = FALSE
	EndGlobalSection
	GlobalSection(ExtensibilityGlobals) = postSolution
		SolutionGuid = {340A97F3-C1EA-4EE4-B43E-01888ACF06FE}
	EndGlobalSection
EndGlobal
